
Microsoft Visual Studio Solution File, Format Version 12.00
# Visual Studio Version 16
VisualStudioVersion = 16.0.35325.158
MinimumVisualStudioVersion = 10.0.40219.1
Project("{FAE04EC0-301F-11D3-BF4B-00C04F79EFBC}") = "cc6", "cc6\cc6.csproj", "{CC441A3C-DBD5-4F6C-8A61-A05FA8326D90}"
EndProject
Global
	GlobalSection(SolutionConfigurationPlatforms) = preSolution
		Debug|Any CPU = Debug|Any CPU
		Release|Any CPU = Release|Any CPU
	EndGlobalSection
	GlobalSection(ProjectConfigurationPlatforms) = postSolution
		{CC441A3C-DBD5-4F6C-8A61-A05FA8326D90}.Debug|Any CPU.ActiveCfg = Debug|Any CPU
		{CC441A3C-DBD5-4F6C-8A61-A05FA8326D90}.Debug|Any CPU.Build.0 = Debug|Any CPU
		{CC441A3C-DBD5-4F6C-8A61-A05FA8326D90}.Release|Any CPU.ActiveCfg = Release|Any CPU
		{CC441A3C-DBD5-4F6C-8A61-A05FA8326D90}.Release|Any CPU.Build.0 = Release|Any CPU
	EndGlobalSection
	GlobalSection(SolutionProperties) = preSolution
		HideSolutionNode = FALSE
	EndGlobalSection
	GlobalSection(ExtensibilityGlobals) = postSolution
		SolutionGuid = {28A89526-48D0-4914-854F-F939D1D39063}
	EndGlobalSection
EndGlobal
