
Microsoft Visual Studio Solution File, Format Version 12.00
# Visual Studio Version 16
VisualStudioVersion = 16.0.35325.158
MinimumVisualStudioVersion = 10.0.40219.1
Project("{FAE04EC0-301F-11D3-BF4B-00C04F79EFBC}") = "html_assignment1", "html_assignment1\html_assignment1.csproj", "{15AFA325-164E-42D5-9E6F-2F8F2EA10CEE}"
EndProject
Global
	GlobalSection(SolutionConfigurationPlatforms) = preSolution
		Debug|Any CPU = Debug|Any CPU
		Release|Any CPU = Release|Any CPU
	EndGlobalSection
	GlobalSection(ProjectConfigurationPlatforms) = postSolution
		{15AFA325-164E-42D5-9E6F-2F8F2EA10CEE}.Debug|Any CPU.ActiveCfg = Debug|Any CPU
		{15AFA325-164E-42D5-9E6F-2F8F2EA10CEE}.Debug|Any CPU.Build.0 = Debug|Any CPU
		{15AFA325-164E-42D5-9E6F-2F8F2EA10CEE}.Release|Any CPU.ActiveCfg = Release|Any CPU
		{15AFA325-164E-42D5-9E6F-2F8F2EA10CEE}.Release|Any CPU.Build.0 = Release|Any CPU
	EndGlobalSection
	GlobalSection(SolutionProperties) = preSolution
		HideSolutionNode = FALSE
	EndGlobalSection
	GlobalSection(ExtensibilityGlobals) = postSolution
		SolutionGuid = {5909298C-8C1E-483D-853D-A3DE4F33A720}
	EndGlobalSection
EndGlobal
