
Microsoft Visual Studio Solution File, Format Version 12.00
# Visual Studio Version 16
VisualStudioVersion = 16.0.35325.158
MinimumVisualStudioVersion = 10.0.40219.1
Project("{FAE04EC0-301F-11D3-BF4B-00C04F79EFBC}") = "project", "project\project.csproj", "{FAE36E7C-81CA-4112-BC31-63A84B71F61C}"
EndProject
Global
	GlobalSection(SolutionConfigurationPlatforms) = preSolution
		Debug|Any CPU = Debug|Any CPU
		Release|Any CPU = Release|Any CPU
	EndGlobalSection
	GlobalSection(ProjectConfigurationPlatforms) = postSolution
		{FAE36E7C-81CA-4112-BC31-63A84B71F61C}.Debug|Any CPU.ActiveCfg = Debug|Any CPU
		{FAE36E7C-81CA-4112-BC31-63A84B71F61C}.Debug|Any CPU.Build.0 = Debug|Any CPU
		{FAE36E7C-81CA-4112-BC31-63A84B71F61C}.Release|Any CPU.ActiveCfg = Release|Any CPU
		{FAE36E7C-81CA-4112-BC31-63A84B71F61C}.Release|Any CPU.Build.0 = Release|Any CPU
	EndGlobalSection
	GlobalSection(SolutionProperties) = preSolution
		HideSolutionNode = FALSE
	EndGlobalSection
	GlobalSection(ExtensibilityGlobals) = postSolution
		SolutionGuid = {5BF3F2E3-DCD4-4381-A7C5-F07B66132668}
	EndGlobalSection
EndGlobal
