
Microsoft Visual Studio Solution File, Format Version 12.00
# Visual Studio Version 16
VisualStudioVersion = 16.0.35325.158
MinimumVisualStudioVersion = 10.0.40219.1
Project("{FAE04EC0-301F-11D3-BF4B-00C04F79EFBC}") = "ado_assignment1", "ado_assignment1\ado_assignment1.csproj", "{F52EF8A6-5E31-499D-B68A-6FD997427D59}"
EndProject
Global
	GlobalSection(SolutionConfigurationPlatforms) = preSolution
		Debug|Any CPU = Debug|Any CPU
		Release|Any CPU = Release|Any CPU
	EndGlobalSection
	GlobalSection(ProjectConfigurationPlatforms) = postSolution
		{F52EF8A6-5E31-499D-B68A-6FD997427D59}.Debug|Any CPU.ActiveCfg = Debug|Any CPU
		{F52EF8A6-5E31-499D-B68A-6FD997427D59}.Debug|Any CPU.Build.0 = Debug|Any CPU
		{F52EF8A6-5E31-499D-B68A-6FD997427D59}.Release|Any CPU.ActiveCfg = Release|Any CPU
		{F52EF8A6-5E31-499D-B68A-6FD997427D59}.Release|Any CPU.Build.0 = Release|Any CPU
	EndGlobalSection
	GlobalSection(SolutionProperties) = preSolution
		HideSolutionNode = FALSE
	EndGlobalSection
	GlobalSection(ExtensibilityGlobals) = postSolution
		SolutionGuid = {F3F9F878-7A3B-44A8-97CB-3DB3C48E61FD}
	EndGlobalSection
EndGlobal
