
Microsoft Visual Studio Solution File, Format Version 12.00
# Visual Studio Version 16
VisualStudioVersion = 16.0.35325.158
MinimumVisualStudioVersion = 10.0.40219.1
Project("{FAE04EC0-301F-11D3-BF4B-00C04F79EFBC}") = "Assisment 3", "Assisment 3\Assisment 3.csproj", "{833C094D-7179-475D-953F-30FF92196573}"
EndProject
Global
	GlobalSection(SolutionConfigurationPlatforms) = preSolution
		Debug|Any CPU = Debug|Any CPU
		Release|Any CPU = Release|Any CPU
	EndGlobalSection
	GlobalSection(ProjectConfigurationPlatforms) = postSolution
		{833C094D-7179-475D-953F-30FF92196573}.Debug|Any CPU.ActiveCfg = Debug|Any CPU
		{833C094D-7179-475D-953F-30FF92196573}.Debug|Any CPU.Build.0 = Debug|Any CPU
		{833C094D-7179-475D-953F-30FF92196573}.Release|Any CPU.ActiveCfg = Release|Any CPU
		{833C094D-7179-475D-953F-30FF92196573}.Release|Any CPU.Build.0 = Release|Any CPU
	EndGlobalSection
	GlobalSection(SolutionProperties) = preSolution
		HideSolutionNode = FALSE
	EndGlobalSection
	GlobalSection(ExtensibilityGlobals) = postSolution
		SolutionGuid = {9151AB32-98B5-4CDA-91CD-F1980637AD0F}
	EndGlobalSection
EndGlobal
