
Microsoft Visual Studio Solution File, Format Version 12.00
# Visual Studio Version 16
VisualStudioVersion = 16.0.35325.158
MinimumVisualStudioVersion = 10.0.40219.1
Project("{FAE04EC0-301F-11D3-BF4B-00C04F79EFBC}") = "ASSISMENT 4", "ASSISMENT 4\ASSISMENT 4.csproj", "{3AF87ADE-39EF-49B2-A811-04E4D210CF43}"
EndProject
Global
	GlobalSection(SolutionConfigurationPlatforms) = preSolution
		Debug|Any CPU = Debug|Any CPU
		Release|Any CPU = Release|Any CPU
	EndGlobalSection
	GlobalSection(ProjectConfigurationPlatforms) = postSolution
		{3AF87ADE-39EF-49B2-A811-04E4D210CF43}.Debug|Any CPU.ActiveCfg = Debug|Any CPU
		{3AF87ADE-39EF-49B2-A811-04E4D210CF43}.Debug|Any CPU.Build.0 = Debug|Any CPU
		{3AF87ADE-39EF-49B2-A811-04E4D210CF43}.Release|Any CPU.ActiveCfg = Release|Any CPU
		{3AF87ADE-39EF-49B2-A811-04E4D210CF43}.Release|Any CPU.Build.0 = Release|Any CPU
	EndGlobalSection
	GlobalSection(SolutionProperties) = preSolution
		HideSolutionNode = FALSE
	EndGlobalSection
	GlobalSection(ExtensibilityGlobals) = postSolution
		SolutionGuid = {785E88F5-E996-4FFA-B7CE-72FA30CAD30B}
	EndGlobalSection
EndGlobal
